
Microsoft Visual Studio Solution File, Format Version 12.00
# Visual Studio Version 16
VisualStudioVersion = 16.0.30621.155
MinimumVisualStudioVersion = 10.0.40219.1
Project("{9A19103F-16F7-4668-BE54-9A1E7A4F7556}") = "BookSearchApp", "BookSearchApp\BookSearchApp.csproj", "{436BBA54-9BCD-4EBA-AB66-419CAE99E964}"
EndProject
Project("{9A19103F-16F7-4668-BE54-9A1E7A4F7556}") = "BLL", "BLL\BLL.csproj", "{9F56FB40-1E6C-4B09-A519-2D964355A6D9}"
EndProject
Project("{9A19103F-16F7-4668-BE54-9A1E7A4F7556}") = "DAL", "DAL\DAL.csproj", "{93410B6D-C21C-4F6D-AE0C-88AAF73B277B}"
EndProject
Global
	GlobalSection(SolutionConfigurationPlatforms) = preSolution
		Debug|Any CPU = Debug|Any CPU
		Release|Any CPU = Release|Any CPU
	EndGlobalSection
	GlobalSection(ProjectConfigurationPlatforms) = postSolution
		{436BBA54-9BCD-4EBA-AB66-419CAE99E964}.Debug|Any CPU.ActiveCfg = Debug|Any CPU
		{436BBA54-9BCD-4EBA-AB66-419CAE99E964}.Debug|Any CPU.Build.0 = Debug|Any CPU
		{436BBA54-9BCD-4EBA-AB66-419CAE99E964}.Release|Any CPU.ActiveCfg = Release|Any CPU
		{436BBA54-9BCD-4EBA-AB66-419CAE99E964}.Release|Any CPU.Build.0 = Release|Any CPU
		{9F56FB40-1E6C-4B09-A519-2D964355A6D9}.Debug|Any CPU.ActiveCfg = Debug|Any CPU
		{9F56FB40-1E6C-4B09-A519-2D964355A6D9}.Debug|Any CPU.Build.0 = Debug|Any CPU
		{9F56FB40-1E6C-4B09-A519-2D964355A6D9}.Release|Any CPU.ActiveCfg = Release|Any CPU
		{9F56FB40-1E6C-4B09-A519-2D964355A6D9}.Release|Any CPU.Build.0 = Release|Any CPU
		{93410B6D-C21C-4F6D-AE0C-88AAF73B277B}.Debug|Any CPU.ActiveCfg = Debug|Any CPU
		{93410B6D-C21C-4F6D-AE0C-88AAF73B277B}.Debug|Any CPU.Build.0 = Debug|Any CPU
		{93410B6D-C21C-4F6D-AE0C-88AAF73B277B}.Release|Any CPU.ActiveCfg = Release|Any CPU
		{93410B6D-C21C-4F6D-AE0C-88AAF73B277B}.Release|Any CPU.Build.0 = Release|Any CPU
	EndGlobalSection
	GlobalSection(SolutionProperties) = preSolution
		HideSolutionNode = FALSE
	EndGlobalSection
	GlobalSection(ExtensibilityGlobals) = postSolution
		SolutionGuid = {28E5FC64-FD5D-4077-867B-0C5821C714BD}
	EndGlobalSection
EndGlobal
